// !$*UTF8*$!
{
	archiveVersion = 1;
	classes = {
	};
	objectVersion = 46;
	objects = {

/* Begin PBXBuildFile section */
		FB02BC631B105763008F3F64 /* AppDelegate.swift in Sources */ = {isa = PBXBuildFile; fileRef = FB02BC621B105763008F3F64 /* AppDelegate.swift */; };
		FB02BC651B105763008F3F64 /* ViewController.swift in Sources */ = {isa = PBXBuildFile; fileRef = FB02BC641B105763008F3F64 /* ViewController.swift */; };
		FB02BC681B105763008F3F64 /* Main.storyboard in Resources */ = {isa = PBXBuildFile; fileRef = FB02BC661B105763008F3F64 /* Main.storyboard */; };
		FB02BC6A1B105763008F3F64 /* Images.xcassets in Resources */ = {isa = PBXBuildFile; fileRef = FB02BC691B105763008F3F64 /* Images.xcassets */; };
		FB02BC6D1B105763008F3F64 /* LaunchScreen.xib in Resources */ = {isa = PBXBuildFile; fileRef = FB02BC6B1B105763008F3F64 /* LaunchScreen.xib */; };
		FB02BC791B105763008F3F64 /* TemperamentTests.swift in Sources */ = {isa = PBXBuildFile; fileRef = FB02BC781B105763008F3F64 /* TemperamentTests.swift */; };
		FB02BC831B10678E008F3F64 /* HSBScrollViewWithTouch.swift in Sources */ = {isa = PBXBuildFile; fileRef = FB02BC821B10678E008F3F64 /* HSBScrollViewWithTouch.swift */; };
		FB02BC851B1067FA008F3F64 /* HSBSheetmusic.swift in Sources */ = {isa = PBXBuildFile; fileRef = FB02BC841B1067FA008F3F64 /* HSBSheetmusic.swift */; };
		FB02BC871B108176008F3F64 /* CoreGraphics.framework in Frameworks */ = {isa = PBXBuildFile; fileRef = FB02BC861B108176008F3F64 /* CoreGraphics.framework */; };
		FB02BC891B10850A008F3F64 /* UIKit.framework in Frameworks */ = {isa = PBXBuildFile; fileRef = FB02BC881B10850A008F3F64 /* UIKit.framework */; };
		FB0D54891B7256950069FF61 /* CustomTmprTableViewCell.swift in Sources */ = {isa = PBXBuildFile; fileRef = FB0D54881B7256950069FF61 /* CustomTmprTableViewCell.swift */; };
		FB390CBF1B3EB98E001426EE /* ToneGenerator.swift in Sources */ = {isa = PBXBuildFile; fileRef = FB390CBE1B3EB98E001426EE /* ToneGenerator.swift */; };
		FB424DA71B4587690020289D /* SettingsViewController.swift in Sources */ = {isa = PBXBuildFile; fileRef = FB424DA61B4587690020289D /* SettingsViewController.swift */; };
		FBA86FDD1F11FFC300B6C604 /* msgf_amp2seg.cpp in Sources */ = {isa = PBXBuildFile; fileRef = FBA86F901F11FFC300B6C604 /* msgf_amp2seg.cpp */; };
		FBA86FDE1F11FFC300B6C604 /* msgf_amp4seg.cpp in Sources */ = {isa = PBXBuildFile; fileRef = FBA86F921F11FFC300B6C604 /* msgf_amp4seg.cpp */; };
		FBA86FDF1F11FFC300B6C604 /* msgf_amp_pipe.cpp in Sources */ = {isa = PBXBuildFile; fileRef = FBA86F941F11FFC300B6C604 /* msgf_amp_pipe.cpp */; };
		FBA86FE01F11FFC300B6C604 /* msgf_iirfilter.cpp in Sources */ = {isa = PBXBuildFile; fileRef = FBA86F961F11FFC300B6C604 /* msgf_iirfilter.cpp */; };
		FBA86FE11F11FFC300B6C604 /* msgf_osc_mono.cpp in Sources */ = {isa = PBXBuildFile; fileRef = FBA86F981F11FFC300B6C604 /* msgf_osc_mono.cpp */; };
		FBA86FE21F11FFC300B6C604 /* msgf_osc_pipe.cpp in Sources */ = {isa = PBXBuildFile; fileRef = FBA86F9A1F11FFC300B6C604 /* msgf_osc_pipe.cpp */; };
		FBA86FE31F11FFC300B6C604 /* msgf_osc_synth.cpp in Sources */ = {isa = PBXBuildFile; fileRef = FBA86F9C1F11FFC300B6C604 /* msgf_osc_synth.cpp */; };
		FBA86FE41F11FFC300B6C604 /* msgf_osc_tmpr.cpp in Sources */ = {isa = PBXBuildFile; fileRef = FBA86F9E1F11FFC300B6C604 /* msgf_osc_tmpr.cpp */; };
		FBA86FE51F11FFC300B6C604 /* AudioOutput.mm in Sources */ = {isa = PBXBuildFile; fileRef = FBA86FA11F11FFC300B6C604 /* AudioOutput.mm */; };
		FBA86FEC1F11FFC300B6C604 /* msgf_audio_buffer.cpp in Sources */ = {isa = PBXBuildFile; fileRef = FBA86FAE1F11FFC300B6C604 /* msgf_audio_buffer.cpp */; };
		FBA86FED1F11FFC300B6C604 /* msgf_eg.cpp in Sources */ = {isa = PBXBuildFile; fileRef = FBA86FB01F11FFC300B6C604 /* msgf_eg.cpp */; };
		FBA86FEE1F11FFC300B6C604 /* msgf_eg2seg.cpp in Sources */ = {isa = PBXBuildFile; fileRef = FBA86FB21F11FFC300B6C604 /* msgf_eg2seg.cpp */; };
		FBA86FEF1F11FFC300B6C604 /* msgf_eg4seg.cpp in Sources */ = {isa = PBXBuildFile; fileRef = FBA86FB41F11FFC300B6C604 /* msgf_eg4seg.cpp */; };
		FBA86FF01F11FFC300B6C604 /* msgf_event_info.cpp in Sources */ = {isa = PBXBuildFile; fileRef = FBA86FB61F11FFC300B6C604 /* msgf_event_info.cpp */; };
		FBA86FF11F11FFC300B6C604 /* msgf_if.cpp in Sources */ = {isa = PBXBuildFile; fileRef = FBA86FB81F11FFC300B6C604 /* msgf_if.cpp */; };
		FBA86FF21F11FFC300B6C604 /* msgf_instrument.cpp in Sources */ = {isa = PBXBuildFile; fileRef = FBA86FBA1F11FFC300B6C604 /* msgf_instrument.cpp */; };
		FBA86FF31F11FFC300B6C604 /* msgf_instrument_for_check.cpp in Sources */ = {isa = PBXBuildFile; fileRef = FBA86FBC1F11FFC300B6C604 /* msgf_instrument_for_check.cpp */; };
		FBA86FF41F11FFC300B6C604 /* msgf_level_check.cpp in Sources */ = {isa = PBXBuildFile; fileRef = FBA86FBE1F11FFC300B6C604 /* msgf_level_check.cpp */; };
		FBA86FF51F11FFC300B6C604 /* msgf_lfo.cpp in Sources */ = {isa = PBXBuildFile; fileRef = FBA86FC01F11FFC300B6C604 /* msgf_lfo.cpp */; };
		FBA86FF61F11FFC300B6C604 /* msgf_note.cpp in Sources */ = {isa = PBXBuildFile; fileRef = FBA86FC21F11FFC300B6C604 /* msgf_note.cpp */; };
		FBA86FF71F11FFC300B6C604 /* msgf_part.cpp in Sources */ = {isa = PBXBuildFile; fileRef = FBA86FC41F11FFC300B6C604 /* msgf_part.cpp */; };
		FBA86FF81F11FFC300B6C604 /* msgf_voice_context.cpp in Sources */ = {isa = PBXBuildFile; fileRef = FBA86FC81F11FFC300B6C604 /* msgf_voice_context.cpp */; };
		FBA8700B1F120D3000B6C604 /* msgf_configuration.cpp in Sources */ = {isa = PBXBuildFile; fileRef = FBA870031F120D3000B6C604 /* msgf_configuration.cpp */; };
		FBA8700C1F120D3000B6C604 /* tmporg_instrument.cpp in Sources */ = {isa = PBXBuildFile; fileRef = FBA870051F120D3000B6C604 /* tmporg_instrument.cpp */; };
		FBA8700D1F120D3000B6C604 /* tmporg_note.cpp in Sources */ = {isa = PBXBuildFile; fileRef = FBA870071F120D3000B6C604 /* tmporg_note.cpp */; };
		FBA8700E1F120D3000B6C604 /* tmporg_voice_context.cpp in Sources */ = {isa = PBXBuildFile; fileRef = FBA870091F120D3000B6C604 /* tmporg_voice_context.cpp */; };
		FBD3230F1B1681FD00BD4D0D /* HSBSmNote.swift in Sources */ = {isa = PBXBuildFile; fileRef = FBD3230E1B1681FD00BD4D0D /* HSBSmNote.swift */; };
/* End PBXBuildFile section */

/* Begin PBXContainerItemProxy section */
		FB02BC731B105763008F3F64 /* PBXContainerItemProxy */ = {
			isa = PBXContainerItemProxy;
			containerPortal = FB02BC551B105763008F3F64 /* Project object */;
			proxyType = 1;
			remoteGlobalIDString = FB02BC5C1B105763008F3F64;
			remoteInfo = Temperament;
		};
/* End PBXContainerItemProxy section */

/* Begin PBXFileReference section */
		FB02BC5D1B105763008F3F64 /* Temperament.app */ = {isa = PBXFileReference; explicitFileType = wrapper.application; includeInIndex = 0; path = Temperament.app; sourceTree = BUILT_PRODUCTS_DIR; };
		FB02BC611B105763008F3F64 /* Info.plist */ = {isa = PBXFileReference; lastKnownFileType = text.plist.xml; path = Info.plist; sourceTree = "<group>"; };
		FB02BC621B105763008F3F64 /* AppDelegate.swift */ = {isa = PBXFileReference; lastKnownFileType = sourcecode.swift; path = AppDelegate.swift; sourceTree = "<group>"; };
		FB02BC641B105763008F3F64 /* ViewController.swift */ = {isa = PBXFileReference; lastKnownFileType = sourcecode.swift; path = ViewController.swift; sourceTree = "<group>"; };
		FB02BC671B105763008F3F64 /* Base */ = {isa = PBXFileReference; lastKnownFileType = file.storyboard; name = Base; path = Base.lproj/Main.storyboard; sourceTree = "<group>"; };
		FB02BC691B105763008F3F64 /* Images.xcassets */ = {isa = PBXFileReference; lastKnownFileType = folder.assetcatalog; path = Images.xcassets; sourceTree = "<group>"; };
		FB02BC6C1B105763008F3F64 /* Base */ = {isa = PBXFileReference; lastKnownFileType = file.xib; name = Base; path = Base.lproj/LaunchScreen.xib; sourceTree = "<group>"; };
		FB02BC721B105763008F3F64 /* TemperamentTests.xctest */ = {isa = PBXFileReference; explicitFileType = wrapper.cfbundle; includeInIndex = 0; path = TemperamentTests.xctest; sourceTree = BUILT_PRODUCTS_DIR; };
		FB02BC771B105763008F3F64 /* Info.plist */ = {isa = PBXFileReference; lastKnownFileType = text.plist.xml; path = Info.plist; sourceTree = "<group>"; };
		FB02BC781B105763008F3F64 /* TemperamentTests.swift */ = {isa = PBXFileReference; lastKnownFileType = sourcecode.swift; path = TemperamentTests.swift; sourceTree = "<group>"; };
		FB02BC821B10678E008F3F64 /* HSBScrollViewWithTouch.swift */ = {isa = PBXFileReference; fileEncoding = 4; lastKnownFileType = sourcecode.swift; path = HSBScrollViewWithTouch.swift; sourceTree = "<group>"; };
		FB02BC841B1067FA008F3F64 /* HSBSheetmusic.swift */ = {isa = PBXFileReference; fileEncoding = 4; lastKnownFileType = sourcecode.swift; path = HSBSheetmusic.swift; sourceTree = "<group>"; };
		FB02BC861B108176008F3F64 /* CoreGraphics.framework */ = {isa = PBXFileReference; lastKnownFileType = wrapper.framework; name = CoreGraphics.framework; path = System/Library/Frameworks/CoreGraphics.framework; sourceTree = SDKROOT; };
		FB02BC881B10850A008F3F64 /* UIKit.framework */ = {isa = PBXFileReference; lastKnownFileType = wrapper.framework; name = UIKit.framework; path = System/Library/Frameworks/UIKit.framework; sourceTree = SDKROOT; };
		FB0D54881B7256950069FF61 /* CustomTmprTableViewCell.swift */ = {isa = PBXFileReference; fileEncoding = 4; lastKnownFileType = sourcecode.swift; path = CustomTmprTableViewCell.swift; sourceTree = "<group>"; };
		FB390CBE1B3EB98E001426EE /* ToneGenerator.swift */ = {isa = PBXFileReference; fileEncoding = 4; lastKnownFileType = sourcecode.swift; path = ToneGenerator.swift; sourceTree = "<group>"; };
		FB40DB111B59DE0A00F3A69F /* Temperament-Bridging-Header.h */ = {isa = PBXFileReference; lastKnownFileType = sourcecode.c.h; path = "Temperament-Bridging-Header.h"; sourceTree = "<group>"; };
		FB424DA61B4587690020289D /* SettingsViewController.swift */ = {isa = PBXFileReference; fileEncoding = 4; lastKnownFileType = sourcecode.swift; path = SettingsViewController.swift; sourceTree = "<group>"; };
		FBA86F901F11FFC300B6C604 /* msgf_amp2seg.cpp */ = {isa = PBXFileReference; fileEncoding = 4; lastKnownFileType = sourcecode.cpp.cpp; path = msgf_amp2seg.cpp; sourceTree = "<group>"; };
		FBA86F911F11FFC300B6C604 /* msgf_amp2seg.h */ = {isa = PBXFileReference; fileEncoding = 4; lastKnownFileType = sourcecode.c.h; path = msgf_amp2seg.h; sourceTree = "<group>"; };
		FBA86F921F11FFC300B6C604 /* msgf_amp4seg.cpp */ = {isa = PBXFileReference; fileEncoding = 4; lastKnownFileType = sourcecode.cpp.cpp; path = msgf_amp4seg.cpp; sourceTree = "<group>"; };
		FBA86F931F11FFC300B6C604 /* msgf_amp4seg.h */ = {isa = PBXFileReference; fileEncoding = 4; lastKnownFileType = sourcecode.c.h; path = msgf_amp4seg.h; sourceTree = "<group>"; };
		FBA86F941F11FFC300B6C604 /* msgf_amp_pipe.cpp */ = {isa = PBXFileReference; fileEncoding = 4; lastKnownFileType = sourcecode.cpp.cpp; path = msgf_amp_pipe.cpp; sourceTree = "<group>"; };
		FBA86F951F11FFC300B6C604 /* msgf_amp_pipe.h */ = {isa = PBXFileReference; fileEncoding = 4; lastKnownFileType = sourcecode.c.h; path = msgf_amp_pipe.h; sourceTree = "<group>"; };
		FBA86F961F11FFC300B6C604 /* msgf_iirfilter.cpp */ = {isa = PBXFileReference; fileEncoding = 4; lastKnownFileType = sourcecode.cpp.cpp; path = msgf_iirfilter.cpp; sourceTree = "<group>"; };
		FBA86F971F11FFC300B6C604 /* msgf_iirfilter.h */ = {isa = PBXFileReference; fileEncoding = 4; lastKnownFileType = sourcecode.c.h; path = msgf_iirfilter.h; sourceTree = "<group>"; };
		FBA86F981F11FFC300B6C604 /* msgf_osc_mono.cpp */ = {isa = PBXFileReference; fileEncoding = 4; lastKnownFileType = sourcecode.cpp.cpp; path = msgf_osc_mono.cpp; sourceTree = "<group>"; };
		FBA86F991F11FFC300B6C604 /* msgf_osc_mono.h */ = {isa = PBXFileReference; fileEncoding = 4; lastKnownFileType = sourcecode.c.h; path = msgf_osc_mono.h; sourceTree = "<group>"; };
		FBA86F9A1F11FFC300B6C604 /* msgf_osc_pipe.cpp */ = {isa = PBXFileReference; fileEncoding = 4; lastKnownFileType = sourcecode.cpp.cpp; path = msgf_osc_pipe.cpp; sourceTree = "<group>"; };
		FBA86F9B1F11FFC300B6C604 /* msgf_osc_pipe.h */ = {isa = PBXFileReference; fileEncoding = 4; lastKnownFileType = sourcecode.c.h; path = msgf_osc_pipe.h; sourceTree = "<group>"; };
		FBA86F9C1F11FFC300B6C604 /* msgf_osc_synth.cpp */ = {isa = PBXFileReference; fileEncoding = 4; lastKnownFileType = sourcecode.cpp.cpp; path = msgf_osc_synth.cpp; sourceTree = "<group>"; };
		FBA86F9D1F11FFC300B6C604 /* msgf_osc_synth.h */ = {isa = PBXFileReference; fileEncoding = 4; lastKnownFileType = sourcecode.c.h; path = msgf_osc_synth.h; sourceTree = "<group>"; };
		FBA86F9E1F11FFC300B6C604 /* msgf_osc_tmpr.cpp */ = {isa = PBXFileReference; fileEncoding = 4; lastKnownFileType = sourcecode.cpp.cpp; path = msgf_osc_tmpr.cpp; sourceTree = "<group>"; };
		FBA86F9F1F11FFC300B6C604 /* msgf_osc_tmpr.h */ = {isa = PBXFileReference; fileEncoding = 4; lastKnownFileType = sourcecode.c.h; path = msgf_osc_tmpr.h; sourceTree = "<group>"; };
		FBA86FA01F11FFC300B6C604 /* AudioOutput.h */ = {isa = PBXFileReference; fileEncoding = 4; lastKnownFileType = sourcecode.c.h; path = AudioOutput.h; sourceTree = "<group>"; };
		FBA86FA11F11FFC300B6C604 /* AudioOutput.mm */ = {isa = PBXFileReference; fileEncoding = 4; lastKnownFileType = sourcecode.cpp.objcpp; path = AudioOutput.mm; sourceTree = "<group>"; };
		FBA86FAE1F11FFC300B6C604 /* msgf_audio_buffer.cpp */ = {isa = PBXFileReference; fileEncoding = 4; lastKnownFileType = sourcecode.cpp.cpp; path = msgf_audio_buffer.cpp; sourceTree = "<group>"; };
		FBA86FAF1F11FFC300B6C604 /* msgf_audio_buffer.h */ = {isa = PBXFileReference; fileEncoding = 4; lastKnownFileType = sourcecode.c.h; path = msgf_audio_buffer.h; sourceTree = "<group>"; };
		FBA86FB01F11FFC300B6C604 /* msgf_eg.cpp */ = {isa = PBXFileReference; fileEncoding = 4; lastKnownFileType = sourcecode.cpp.cpp; path = msgf_eg.cpp; sourceTree = "<group>"; };
		FBA86FB11F11FFC300B6C604 /* msgf_eg.h */ = {isa = PBXFileReference; fileEncoding = 4; lastKnownFileType = sourcecode.c.h; path = msgf_eg.h; sourceTree = "<group>"; };
		FBA86FB21F11FFC300B6C604 /* msgf_eg2seg.cpp */ = {isa = PBXFileReference; fileEncoding = 4; lastKnownFileType = sourcecode.cpp.cpp; path = msgf_eg2seg.cpp; sourceTree = "<group>"; };
		FBA86FB31F11FFC300B6C604 /* msgf_eg2seg.h */ = {isa = PBXFileReference; fileEncoding = 4; lastKnownFileType = sourcecode.c.h; path = msgf_eg2seg.h; sourceTree = "<group>"; };
		FBA86FB41F11FFC300B6C604 /* msgf_eg4seg.cpp */ = {isa = PBXFileReference; fileEncoding = 4; lastKnownFileType = sourcecode.cpp.cpp; path = msgf_eg4seg.cpp; sourceTree = "<group>"; };
		FBA86FB51F11FFC300B6C604 /* msgf_eg4seg.h */ = {isa = PBXFileReference; fileEncoding = 4; lastKnownFileType = sourcecode.c.h; path = msgf_eg4seg.h; sourceTree = "<group>"; };
		FBA86FB61F11FFC300B6C604 /* msgf_event_info.cpp */ = {isa = PBXFileReference; fileEncoding = 4; lastKnownFileType = sourcecode.cpp.cpp; path = msgf_event_info.cpp; sourceTree = "<group>"; };
		FBA86FB71F11FFC300B6C604 /* msgf_event_info.h */ = {isa = PBXFileReference; fileEncoding = 4; lastKnownFileType = sourcecode.c.h; path = msgf_event_info.h; sourceTree = "<group>"; };
		FBA86FB81F11FFC300B6C604 /* msgf_if.cpp */ = {isa = PBXFileReference; fileEncoding = 4; lastKnownFileType = sourcecode.cpp.cpp; path = msgf_if.cpp; sourceTree = "<group>"; };
		FBA86FB91F11FFC300B6C604 /* msgf_if.h */ = {isa = PBXFileReference; fileEncoding = 4; lastKnownFileType = sourcecode.c.h; path = msgf_if.h; sourceTree = "<group>"; };
		FBA86FBA1F11FFC300B6C604 /* msgf_instrument.cpp */ = {isa = PBXFileReference; fileEncoding = 4; lastKnownFileType = sourcecode.cpp.cpp; path = msgf_instrument.cpp; sourceTree = "<group>"; };
		FBA86FBB1F11FFC300B6C604 /* msgf_instrument.h */ = {isa = PBXFileReference; fileEncoding = 4; lastKnownFileType = sourcecode.c.h; path = msgf_instrument.h; sourceTree = "<group>"; };
		FBA86FBC1F11FFC300B6C604 /* msgf_instrument_for_check.cpp */ = {isa = PBXFileReference; fileEncoding = 4; lastKnownFileType = sourcecode.cpp.cpp; path = msgf_instrument_for_check.cpp; sourceTree = "<group>"; };
		FBA86FBD1F11FFC300B6C604 /* msgf_instrument_for_check.h */ = {isa = PBXFileReference; fileEncoding = 4; lastKnownFileType = sourcecode.c.h; path = msgf_instrument_for_check.h; sourceTree = "<group>"; };
		FBA86FBE1F11FFC300B6C604 /* msgf_level_check.cpp */ = {isa = PBXFileReference; fileEncoding = 4; lastKnownFileType = sourcecode.cpp.cpp; path = msgf_level_check.cpp; sourceTree = "<group>"; };
		FBA86FBF1F11FFC300B6C604 /* msgf_level_check.h */ = {isa = PBXFileReference; fileEncoding = 4; lastKnownFileType = sourcecode.c.h; path = msgf_level_check.h; sourceTree = "<group>"; };
		FBA86FC01F11FFC300B6C604 /* msgf_lfo.cpp */ = {isa = PBXFileReference; fileEncoding = 4; lastKnownFileType = sourcecode.cpp.cpp; path = msgf_lfo.cpp; sourceTree = "<group>"; };
		FBA86FC11F11FFC300B6C604 /* msgf_lfo.h */ = {isa = PBXFileReference; fileEncoding = 4; lastKnownFileType = sourcecode.c.h; path = msgf_lfo.h; sourceTree = "<group>"; };
		FBA86FC21F11FFC300B6C604 /* msgf_note.cpp */ = {isa = PBXFileReference; fileEncoding = 4; lastKnownFileType = sourcecode.cpp.cpp; path = msgf_note.cpp; sourceTree = "<group>"; };
		FBA86FC31F11FFC300B6C604 /* msgf_note.h */ = {isa = PBXFileReference; fileEncoding = 4; lastKnownFileType = sourcecode.c.h; path = msgf_note.h; sourceTree = "<group>"; };
		FBA86FC41F11FFC300B6C604 /* msgf_part.cpp */ = {isa = PBXFileReference; fileEncoding = 4; lastKnownFileType = sourcecode.cpp.cpp; path = msgf_part.cpp; sourceTree = "<group>"; };
		FBA86FC51F11FFC300B6C604 /* msgf_part.h */ = {isa = PBXFileReference; fileEncoding = 4; lastKnownFileType = sourcecode.c.h; path = msgf_part.h; sourceTree = "<group>"; };
		FBA86FC61F11FFC300B6C604 /* msgf_signal_process_core.h */ = {isa = PBXFileReference; fileEncoding = 4; lastKnownFileType = sourcecode.c.h; path = msgf_signal_process_core.h; sourceTree = "<group>"; };
		FBA86FC71F11FFC300B6C604 /* msgf_type.h */ = {isa = PBXFileReference; fileEncoding = 4; lastKnownFileType = sourcecode.c.h; path = msgf_type.h; sourceTree = "<group>"; };
		FBA86FC81F11FFC300B6C604 /* msgf_voice_context.cpp */ = {isa = PBXFileReference; fileEncoding = 4; lastKnownFileType = sourcecode.cpp.cpp; path = msgf_voice_context.cpp; sourceTree = "<group>"; };
		FBA86FC91F11FFC300B6C604 /* msgf_voice_context.h */ = {isa = PBXFileReference; fileEncoding = 4; lastKnownFileType = sourcecode.c.h; path = msgf_voice_context.h; sourceTree = "<group>"; };
		FBA870031F120D3000B6C604 /* msgf_configuration.cpp */ = {isa = PBXFileReference; fileEncoding = 4; lastKnownFileType = sourcecode.cpp.cpp; path = msgf_configuration.cpp; sourceTree = "<group>"; };
		FBA870041F120D3000B6C604 /* msgf_configuration.h */ = {isa = PBXFileReference; fileEncoding = 4; lastKnownFileType = sourcecode.c.h; path = msgf_configuration.h; sourceTree = "<group>"; };
		FBA870051F120D3000B6C604 /* tmporg_instrument.cpp */ = {isa = PBXFileReference; fileEncoding = 4; lastKnownFileType = sourcecode.cpp.cpp; path = tmporg_instrument.cpp; sourceTree = "<group>"; };
		FBA870061F120D3000B6C604 /* tmporg_instrument.h */ = {isa = PBXFileReference; fileEncoding = 4; lastKnownFileType = sourcecode.c.h; path = tmporg_instrument.h; sourceTree = "<group>"; };
		FBA870071F120D3000B6C604 /* tmporg_note.cpp */ = {isa = PBXFileReference; fileEncoding = 4; lastKnownFileType = sourcecode.cpp.cpp; path = tmporg_note.cpp; sourceTree = "<group>"; };
		FBA870081F120D3000B6C604 /* tmporg_note.h */ = {isa = PBXFileReference; fileEncoding = 4; lastKnownFileType = sourcecode.c.h; path = tmporg_note.h; sourceTree = "<group>"; };
		FBA870091F120D3000B6C604 /* tmporg_voice_context.cpp */ = {isa = PBXFileReference; fileEncoding = 4; lastKnownFileType = sourcecode.cpp.cpp; path = tmporg_voice_context.cpp; sourceTree = "<group>"; };
		FBA8700A1F120D3000B6C604 /* tmporg_voice_context.h */ = {isa = PBXFileReference; fileEncoding = 4; lastKnownFileType = sourcecode.c.h; path = tmporg_voice_context.h; sourceTree = "<group>"; };
		FBD3230E1B1681FD00BD4D0D /* HSBSmNote.swift */ = {isa = PBXFileReference; fileEncoding = 4; lastKnownFileType = sourcecode.swift; path = HSBSmNote.swift; sourceTree = "<group>"; };
/* End PBXFileReference section */

/* Begin PBXFrameworksBuildPhase section */
		FB02BC5A1B105763008F3F64 /* Frameworks */ = {
			isa = PBXFrameworksBuildPhase;
			buildActionMask = 2147483647;
			files = (
				FB02BC891B10850A008F3F64 /* UIKit.framework in Frameworks */,
				FB02BC871B108176008F3F64 /* CoreGraphics.framework in Frameworks */,
			);
			runOnlyForDeploymentPostprocessing = 0;
		};
		FB02BC6F1B105763008F3F64 /* Frameworks */ = {
			isa = PBXFrameworksBuildPhase;
			buildActionMask = 2147483647;
			files = (
			);
			runOnlyForDeploymentPostprocessing = 0;
		};
/* End PBXFrameworksBuildPhase section */

/* Begin PBXGroup section */
		FB02BC541B105763008F3F64 = {
			isa = PBXGroup;
			children = (
				FB02BC881B10850A008F3F64 /* UIKit.framework */,
				FB02BC861B108176008F3F64 /* CoreGraphics.framework */,
				FB02BC5F1B105763008F3F64 /* Temperament */,
				FB02BC751B105763008F3F64 /* TemperamentTests */,
				FB02BC5E1B105763008F3F64 /* Products */,
			);
			sourceTree = "<group>";
		};
		FB02BC5E1B105763008F3F64 /* Products */ = {
			isa = PBXGroup;
			children = (
				FB02BC5D1B105763008F3F64 /* Temperament.app */,
				FB02BC721B105763008F3F64 /* TemperamentTests.xctest */,
			);
			name = Products;
			sourceTree = "<group>";
		};
		FB02BC5F1B105763008F3F64 /* Temperament */ = {
			isa = PBXGroup;
			children = (
				FB02BC621B105763008F3F64 /* AppDelegate.swift */,
				FB02BC641B105763008F3F64 /* ViewController.swift */,
				FB390CBE1B3EB98E001426EE /* ToneGenerator.swift */,
				FB02BC821B10678E008F3F64 /* HSBScrollViewWithTouch.swift */,
				FB02BC841B1067FA008F3F64 /* HSBSheetmusic.swift */,
				FBD3230E1B1681FD00BD4D0D /* HSBSmNote.swift */,
				FB424DA61B4587690020289D /* SettingsViewController.swift */,
				FB0D54881B7256950069FF61 /* CustomTmprTableViewCell.swift */,
				FB02BC661B105763008F3F64 /* Main.storyboard */,
				FB02BC691B105763008F3F64 /* Images.xcassets */,
				FB02BC6B1B105763008F3F64 /* LaunchScreen.xib */,
				FB02BC601B105763008F3F64 /* Supporting Files */,
				FBA86F8E1F11FFC300B6C604 /* Musical_Sound_Generator_Framework */,
				FB40DB111B59DE0A00F3A69F /* Temperament-Bridging-Header.h */,
			);
			path = Temperament;
			sourceTree = "<group>";
		};
		FB02BC601B105763008F3F64 /* Supporting Files */ = {
			isa = PBXGroup;
			children = (
				FB02BC611B105763008F3F64 /* Info.plist */,
			);
			name = "Supporting Files";
			sourceTree = "<group>";
		};
		FB02BC751B105763008F3F64 /* TemperamentTests */ = {
			isa = PBXGroup;
			children = (
				FB02BC781B105763008F3F64 /* TemperamentTests.swift */,
				FB02BC761B105763008F3F64 /* Supporting Files */,
			);
			path = TemperamentTests;
			sourceTree = "<group>";
		};
		FB02BC761B105763008F3F64 /* Supporting Files */ = {
			isa = PBXGroup;
			children = (
				FB02BC771B105763008F3F64 /* Info.plist */,
			);
			name = "Supporting Files";
			sourceTree = "<group>";
		};
		FBA86F8E1F11FFC300B6C604 /* Musical_Sound_Generator_Framework */ = {
			isa = PBXGroup;
			children = (
				FBA870021F120D3000B6C604 /* temperament_organ */,
				FBA86F8F1F11FFC300B6C604 /* audio_engine */,
				FBA86FA01F11FFC300B6C604 /* AudioOutput.h */,
				FBA86FA11F11FFC300B6C604 /* AudioOutput.mm */,
				FBA86FAD1F11FFC300B6C604 /* msgf_general */,
			);
			name = Musical_Sound_Generator_Framework;
			path = ../../../Dropbox/ManagedSoftware/Musical_Sound_Generator_Framework;
			sourceTree = "<group>";
		};
		FBA86F8F1F11FFC300B6C604 /* audio_engine */ = {
			isa = PBXGroup;
			children = (
				FBA86F901F11FFC300B6C604 /* msgf_amp2seg.cpp */,
				FBA86F911F11FFC300B6C604 /* msgf_amp2seg.h */,
				FBA86F921F11FFC300B6C604 /* msgf_amp4seg.cpp */,
				FBA86F931F11FFC300B6C604 /* msgf_amp4seg.h */,
				FBA86F941F11FFC300B6C604 /* msgf_amp_pipe.cpp */,
				FBA86F951F11FFC300B6C604 /* msgf_amp_pipe.h */,
				FBA86F961F11FFC300B6C604 /* msgf_iirfilter.cpp */,
				FBA86F971F11FFC300B6C604 /* msgf_iirfilter.h */,
				FBA86F981F11FFC300B6C604 /* msgf_osc_mono.cpp */,
				FBA86F991F11FFC300B6C604 /* msgf_osc_mono.h */,
				FBA86F9A1F11FFC300B6C604 /* msgf_osc_pipe.cpp */,
				FBA86F9B1F11FFC300B6C604 /* msgf_osc_pipe.h */,
				FBA86F9C1F11FFC300B6C604 /* msgf_osc_synth.cpp */,
				FBA86F9D1F11FFC300B6C604 /* msgf_osc_synth.h */,
				FBA86F9E1F11FFC300B6C604 /* msgf_osc_tmpr.cpp */,
				FBA86F9F1F11FFC300B6C604 /* msgf_osc_tmpr.h */,
			);
			path = audio_engine;
			sourceTree = "<group>";
		};
		FBA86FAD1F11FFC300B6C604 /* msgf_general */ = {
			isa = PBXGroup;
			children = (
				FBA86FAE1F11FFC300B6C604 /* msgf_audio_buffer.cpp */,
				FBA86FAF1F11FFC300B6C604 /* msgf_audio_buffer.h */,
				FBA86FB01F11FFC300B6C604 /* msgf_eg.cpp */,
				FBA86FB11F11FFC300B6C604 /* msgf_eg.h */,
				FBA86FB21F11FFC300B6C604 /* msgf_eg2seg.cpp */,
				FBA86FB31F11FFC300B6C604 /* msgf_eg2seg.h */,
				FBA86FB41F11FFC300B6C604 /* msgf_eg4seg.cpp */,
				FBA86FB51F11FFC300B6C604 /* msgf_eg4seg.h */,
				FBA86FB61F11FFC300B6C604 /* msgf_event_info.cpp */,
				FBA86FB71F11FFC300B6C604 /* msgf_event_info.h */,
				FBA86FB81F11FFC300B6C604 /* msgf_if.cpp */,
				FBA86FB91F11FFC300B6C604 /* msgf_if.h */,
				FBA86FBA1F11FFC300B6C604 /* msgf_instrument.cpp */,
				FBA86FBB1F11FFC300B6C604 /* msgf_instrument.h */,
				FBA86FBC1F11FFC300B6C604 /* msgf_instrument_for_check.cpp */,
				FBA86FBD1F11FFC300B6C604 /* msgf_instrument_for_check.h */,
				FBA86FBE1F11FFC300B6C604 /* msgf_level_check.cpp */,
				FBA86FBF1F11FFC300B6C604 /* msgf_level_check.h */,
				FBA86FC01F11FFC300B6C604 /* msgf_lfo.cpp */,
				FBA86FC11F11FFC300B6C604 /* msgf_lfo.h */,
				FBA86FC21F11FFC300B6C604 /* msgf_note.cpp */,
				FBA86FC31F11FFC300B6C604 /* msgf_note.h */,
				FBA86FC41F11FFC300B6C604 /* msgf_part.cpp */,
				FBA86FC51F11FFC300B6C604 /* msgf_part.h */,
				FBA86FC61F11FFC300B6C604 /* msgf_signal_process_core.h */,
				FBA86FC71F11FFC300B6C604 /* msgf_type.h */,
				FBA86FC81F11FFC300B6C604 /* msgf_voice_context.cpp */,
				FBA86FC91F11FFC300B6C604 /* msgf_voice_context.h */,
			);
			path = msgf_general;
			sourceTree = "<group>";
		};
		FBA870021F120D3000B6C604 /* temperament_organ */ = {
			isa = PBXGroup;
			children = (
				FBA870031F120D3000B6C604 /* msgf_configuration.cpp */,
				FBA870041F120D3000B6C604 /* msgf_configuration.h */,
				FBA870051F120D3000B6C604 /* tmporg_instrument.cpp */,
				FBA870061F120D3000B6C604 /* tmporg_instrument.h */,
				FBA870071F120D3000B6C604 /* tmporg_note.cpp */,
				FBA870081F120D3000B6C604 /* tmporg_note.h */,
				FBA870091F120D3000B6C604 /* tmporg_voice_context.cpp */,
				FBA8700A1F120D3000B6C604 /* tmporg_voice_context.h */,
			);
			path = temperament_organ;
			sourceTree = "<group>";
		};
/* End PBXGroup section */

/* Begin PBXNativeTarget section */
		FB02BC5C1B105763008F3F64 /* Temperament */ = {
			isa = PBXNativeTarget;
			buildConfigurationList = FB02BC7C1B105763008F3F64 /* Build configuration list for PBXNativeTarget "Temperament" */;
			buildPhases = (
				FB02BC591B105763008F3F64 /* Sources */,
				FB02BC5A1B105763008F3F64 /* Frameworks */,
				FB02BC5B1B105763008F3F64 /* Resources */,
			);
			buildRules = (
			);
			dependencies = (
			);
			name = Temperament;
			productName = Temperament;
			productReference = FB02BC5D1B105763008F3F64 /* Temperament.app */;
			productType = "com.apple.product-type.application";
		};
		FB02BC711B105763008F3F64 /* TemperamentTests */ = {
			isa = PBXNativeTarget;
			buildConfigurationList = FB02BC7F1B105763008F3F64 /* Build configuration list for PBXNativeTarget "TemperamentTests" */;
			buildPhases = (
				FB02BC6E1B105763008F3F64 /* Sources */,
				FB02BC6F1B105763008F3F64 /* Frameworks */,
				FB02BC701B105763008F3F64 /* Resources */,
			);
			buildRules = (
			);
			dependencies = (
				FB02BC741B105763008F3F64 /* PBXTargetDependency */,
			);
			name = TemperamentTests;
			productName = TemperamentTests;
			productReference = FB02BC721B105763008F3F64 /* TemperamentTests.xctest */;
			productType = "com.apple.product-type.bundle.unit-test";
		};
/* End PBXNativeTarget section */

/* Begin PBXProject section */
		FB02BC551B105763008F3F64 /* Project object */ = {
			isa = PBXProject;
			attributes = {
				LastSwiftMigration = 0700;
				LastSwiftUpdateCheck = 0700;
				LastUpgradeCheck = 1130;
				ORGANIZATIONNAME = "長谷部 雅彦";
				TargetAttributes = {
					FB02BC5C1B105763008F3F64 = {
						CreatedOnToolsVersion = 6.3.2;
						DevelopmentTeam = DC44SJTXP7;
						LastSwiftMigration = 0830;
					};
					FB02BC711B105763008F3F64 = {
						CreatedOnToolsVersion = 6.3.2;
						LastSwiftMigration = 0830;
						TestTargetID = FB02BC5C1B105763008F3F64;
					};
				};
			};
			buildConfigurationList = FB02BC581B105763008F3F64 /* Build configuration list for PBXProject "Temperament" */;
			compatibilityVersion = "Xcode 3.2";
			developmentRegion = en;
			hasScannedForEncodings = 0;
			knownRegions = (
				en,
				Base,
			);
			mainGroup = FB02BC541B105763008F3F64;
			productRefGroup = FB02BC5E1B105763008F3F64 /* Products */;
			projectDirPath = "";
			projectRoot = "";
			targets = (
				FB02BC5C1B105763008F3F64 /* Temperament */,
				FB02BC711B105763008F3F64 /* TemperamentTests */,
			);
		};
/* End PBXProject section */

/* Begin PBXResourcesBuildPhase section */
		FB02BC5B1B105763008F3F64 /* Resources */ = {
			isa = PBXResourcesBuildPhase;
			buildActionMask = 2147483647;
			files = (
				FB02BC681B105763008F3F64 /* Main.storyboard in Resources */,
				FB02BC6D1B105763008F3F64 /* LaunchScreen.xib in Resources */,
				FB02BC6A1B105763008F3F64 /* Images.xcassets in Resources */,
			);
			runOnlyForDeploymentPostprocessing = 0;
		};
		FB02BC701B105763008F3F64 /* Resources */ = {
			isa = PBXResourcesBuildPhase;
			buildActionMask = 2147483647;
			files = (
			);
			runOnlyForDeploymentPostprocessing = 0;
		};
/* End PBXResourcesBuildPhase section */

/* Begin PBXSourcesBuildPhase section */
		FB02BC591B105763008F3F64 /* Sources */ = {
			isa = PBXSourcesBuildPhase;
			buildActionMask = 2147483647;
			files = (
				FBA86FF81F11FFC300B6C604 /* msgf_voice_context.cpp in Sources */,
				FBA86FF71F11FFC300B6C604 /* msgf_part.cpp in Sources */,
				FB02BC651B105763008F3F64 /* ViewController.swift in Sources */,
				FB0D54891B7256950069FF61 /* CustomTmprTableViewCell.swift in Sources */,
				FBA86FF31F11FFC300B6C604 /* msgf_instrument_for_check.cpp in Sources */,
				FBA86FF61F11FFC300B6C604 /* msgf_note.cpp in Sources */,
				FBA8700C1F120D3000B6C604 /* tmporg_instrument.cpp in Sources */,
				FBA86FE21F11FFC300B6C604 /* msgf_osc_pipe.cpp in Sources */,
				FBA8700B1F120D3000B6C604 /* msgf_configuration.cpp in Sources */,
				FB390CBF1B3EB98E001426EE /* ToneGenerator.swift in Sources */,
				FBA86FE01F11FFC300B6C604 /* msgf_iirfilter.cpp in Sources */,
				FBA86FF41F11FFC300B6C604 /* msgf_level_check.cpp in Sources */,
				FBA86FF01F11FFC300B6C604 /* msgf_event_info.cpp in Sources */,
				FBA86FDE1F11FFC300B6C604 /* msgf_amp4seg.cpp in Sources */,
				FBA86FE31F11FFC300B6C604 /* msgf_osc_synth.cpp in Sources */,
				FBA86FEE1F11FFC300B6C604 /* msgf_eg2seg.cpp in Sources */,
				FBA86FEF1F11FFC300B6C604 /* msgf_eg4seg.cpp in Sources */,
				FBA8700D1F120D3000B6C604 /* tmporg_note.cpp in Sources */,
				FB424DA71B4587690020289D /* SettingsViewController.swift in Sources */,
				FBA86FE41F11FFC300B6C604 /* msgf_osc_tmpr.cpp in Sources */,
				FBD3230F1B1681FD00BD4D0D /* HSBSmNote.swift in Sources */,
				FBA8700E1F120D3000B6C604 /* tmporg_voice_context.cpp in Sources */,
				FBA86FF51F11FFC300B6C604 /* msgf_lfo.cpp in Sources */,
				FBA86FE51F11FFC300B6C604 /* AudioOutput.mm in Sources */,
				FB02BC851B1067FA008F3F64 /* HSBSheetmusic.swift in Sources */,
				FBA86FED1F11FFC300B6C604 /* msgf_eg.cpp in Sources */,
				FBA86FEC1F11FFC300B6C604 /* msgf_audio_buffer.cpp in Sources */,
				FBA86FDF1F11FFC300B6C604 /* msgf_amp_pipe.cpp in Sources */,
				FBA86FDD1F11FFC300B6C604 /* msgf_amp2seg.cpp in Sources */,
				FBA86FF11F11FFC300B6C604 /* msgf_if.cpp in Sources */,
				FBA86FF21F11FFC300B6C604 /* msgf_instrument.cpp in Sources */,
				FB02BC831B10678E008F3F64 /* HSBScrollViewWithTouch.swift in Sources */,
				FB02BC631B105763008F3F64 /* AppDelegate.swift in Sources */,
				FBA86FE11F11FFC300B6C604 /* msgf_osc_mono.cpp in Sources */,
			);
			runOnlyForDeploymentPostprocessing = 0;
		};
		FB02BC6E1B105763008F3F64 /* Sources */ = {
			isa = PBXSourcesBuildPhase;
			buildActionMask = 2147483647;
			files = (
				FB02BC791B105763008F3F64 /* TemperamentTests.swift in Sources */,
			);
			runOnlyForDeploymentPostprocessing = 0;
		};
/* End PBXSourcesBuildPhase section */

/* Begin PBXTargetDependency section */
		FB02BC741B105763008F3F64 /* PBXTargetDependency */ = {
			isa = PBXTargetDependency;
			target = FB02BC5C1B105763008F3F64 /* Temperament */;
			targetProxy = FB02BC731B105763008F3F64 /* PBXContainerItemProxy */;
		};
/* End PBXTargetDependency section */

/* Begin PBXVariantGroup section */
		FB02BC661B105763008F3F64 /* Main.storyboard */ = {
			isa = PBXVariantGroup;
			children = (
				FB02BC671B105763008F3F64 /* Base */,
			);
			name = Main.storyboard;
			sourceTree = "<group>";
		};
		FB02BC6B1B105763008F3F64 /* LaunchScreen.xib */ = {
			isa = PBXVariantGroup;
			children = (
				FB02BC6C1B105763008F3F64 /* Base */,
			);
			name = LaunchScreen.xib;
			sourceTree = "<group>";
		};
/* End PBXVariantGroup section */

/* Begin XCBuildConfiguration section */
		FB02BC7A1B105763008F3F64 /* Debug */ = {
			isa = XCBuildConfiguration;
			buildSettings = {
				ALWAYS_SEARCH_USER_PATHS = NO;
				CLANG_CXX_LANGUAGE_STANDARD = "gnu++0x";
				CLANG_CXX_LIBRARY = "libc++";
				CLANG_ENABLE_MODULES = YES;
				CLANG_ENABLE_OBJC_ARC = YES;
				CLANG_WARN_BLOCK_CAPTURE_AUTORELEASING = YES;
				CLANG_WARN_BOOL_CONVERSION = YES;
				CLANG_WARN_COMMA = YES;
				CLANG_WARN_CONSTANT_CONVERSION = YES;
				CLANG_WARN_DEPRECATED_OBJC_IMPLEMENTATIONS = YES;
				CLANG_WARN_DIRECT_OBJC_ISA_USAGE = YES_ERROR;
				CLANG_WARN_EMPTY_BODY = YES;
				CLANG_WARN_ENUM_CONVERSION = YES;
				CLANG_WARN_INFINITE_RECURSION = YES;
				CLANG_WARN_INT_CONVERSION = YES;
				CLANG_WARN_NON_LITERAL_NULL_CONVERSION = YES;
				CLANG_WARN_OBJC_IMPLICIT_RETAIN_SELF = YES;
				CLANG_WARN_OBJC_LITERAL_CONVERSION = YES;
				CLANG_WARN_OBJC_ROOT_CLASS = YES_ERROR;
				CLANG_WARN_RANGE_LOOP_ANALYSIS = YES;
				CLANG_WARN_STRICT_PROTOTYPES = YES;
				CLANG_WARN_SUSPICIOUS_MOVE = YES;
				CLANG_WARN_UNREACHABLE_CODE = YES;
				CLANG_WARN__DUPLICATE_METHOD_MATCH = YES;
				"CODE_SIGN_IDENTITY[sdk=iphoneos*]" = "iPhone Developer";
				COPY_PHASE_STRIP = NO;
				DEBUG_INFORMATION_FORMAT = "dwarf-with-dsym";
				ENABLE_STRICT_OBJC_MSGSEND = YES;
				ENABLE_TESTABILITY = YES;
				GCC_C_LANGUAGE_STANDARD = gnu99;
				GCC_DYNAMIC_NO_PIC = NO;
				GCC_NO_COMMON_BLOCKS = YES;
				GCC_OPTIMIZATION_LEVEL = 0;
				GCC_PREPROCESSOR_DEFINITIONS = (
					"DEBUG=1",
					"$(inherited)",
				);
				GCC_SYMBOLS_PRIVATE_EXTERN = NO;
				GCC_WARN_64_TO_32_BIT_CONVERSION = YES;
				GCC_WARN_ABOUT_RETURN_TYPE = YES_ERROR;
				GCC_WARN_UNDECLARED_SELECTOR = YES;
				GCC_WARN_UNINITIALIZED_AUTOS = YES_AGGRESSIVE;
				GCC_WARN_UNUSED_FUNCTION = YES;
				GCC_WARN_UNUSED_VARIABLE = YES;
				IPHONEOS_DEPLOYMENT_TARGET = 8.0;
				MTL_ENABLE_DEBUG_INFO = YES;
				ONLY_ACTIVE_ARCH = YES;
				SDKROOT = iphoneos;
				SWIFT_OPTIMIZATION_LEVEL = "-Onone";
				SWIFT_VERSION = 5.0;
			};
			name = Debug;
		};
		FB02BC7B1B105763008F3F64 /* Release */ = {
			isa = XCBuildConfiguration;
			buildSettings = {
				ALWAYS_SEARCH_USER_PATHS = NO;
				CLANG_CXX_LANGUAGE_STANDARD = "gnu++0x";
				CLANG_CXX_LIBRARY = "libc++";
				CLANG_ENABLE_MODULES = YES;
				CLANG_ENABLE_OBJC_ARC = YES;
				CLANG_WARN_BLOCK_CAPTURE_AUTORELEASING = YES;
				CLANG_WARN_BOOL_CONVERSION = YES;
				CLANG_WARN_COMMA = YES;
				CLANG_WARN_CONSTANT_CONVERSION = YES;
				CLANG_WARN_DEPRECATED_OBJC_IMPLEMENTATIONS = YES;
				CLANG_WARN_DIRECT_OBJC_ISA_USAGE = YES_ERROR;
				CLANG_WARN_EMPTY_BODY = YES;
				CLANG_WARN_ENUM_CONVERSION = YES;
				CLANG_WARN_INFINITE_RECURSION = YES;
				CLANG_WARN_INT_CONVERSION = YES;
				CLANG_WARN_NON_LITERAL_NULL_CONVERSION = YES;
				CLANG_WARN_OBJC_IMPLICIT_RETAIN_SELF = YES;
				CLANG_WARN_OBJC_LITERAL_CONVERSION = YES;
				CLANG_WARN_OBJC_ROOT_CLASS = YES_ERROR;
				CLANG_WARN_RANGE_LOOP_ANALYSIS = YES;
				CLANG_WARN_STRICT_PROTOTYPES = YES;
				CLANG_WARN_SUSPICIOUS_MOVE = YES;
				CLANG_WARN_UNREACHABLE_CODE = YES;
				CLANG_WARN__DUPLICATE_METHOD_MATCH = YES;
				"CODE_SIGN_IDENTITY[sdk=iphoneos*]" = "iPhone Distribution";
				COPY_PHASE_STRIP = NO;
				DEBUG_INFORMATION_FORMAT = "dwarf-with-dsym";
				ENABLE_NS_ASSERTIONS = NO;
				ENABLE_STRICT_OBJC_MSGSEND = YES;
				GCC_C_LANGUAGE_STANDARD = gnu99;
				GCC_NO_COMMON_BLOCKS = YES;
				GCC_WARN_64_TO_32_BIT_CONVERSION = YES;
				GCC_WARN_ABOUT_RETURN_TYPE = YES_ERROR;
				GCC_WARN_UNDECLARED_SELECTOR = YES;
				GCC_WARN_UNINITIALIZED_AUTOS = YES_AGGRESSIVE;
				GCC_WARN_UNUSED_FUNCTION = YES;
				GCC_WARN_UNUSED_VARIABLE = YES;
				IPHONEOS_DEPLOYMENT_TARGET = 8.0;
				MTL_ENABLE_DEBUG_INFO = NO;
				SDKROOT = iphoneos;
				SWIFT_COMPILATION_MODE = wholemodule;
				SWIFT_VERSION = 5.0;
				VALIDATE_PRODUCT = YES;
			};
			name = Release;
		};
		FB02BC7D1B105763008F3F64 /* Debug */ = {
			isa = XCBuildConfiguration;
			buildSettings = {
				ASSETCATALOG_COMPILER_APPICON_NAME = AppIcon;
				CODE_SIGN_IDENTITY = "iPhone Developer";
				"CODE_SIGN_IDENTITY[sdk=iphoneos*]" = "iPhone Developer";
				ENABLE_BITCODE = YES;
				INFOPLIST_FILE = Temperament/Info.plist;
				LD_RUNPATH_SEARCH_PATHS = "$(inherited) @executable_path/Frameworks";
				PRODUCT_BUNDLE_IDENTIFIER = "JCA03205.$(PRODUCT_NAME:rfc1034identifier)";
				PRODUCT_NAME = "$(TARGET_NAME)";
				PROVISIONING_PROFILE = "";
				SWIFT_OBJC_BRIDGING_HEADER = "Temperament/Temperament-Bridging-Header.h";
				SWIFT_OPTIMIZATION_LEVEL = "-Onone";
				SWIFT_VERSION = 5.0;
				TARGETED_DEVICE_FAMILY = 1;
			};
			name = Debug;
		};
		FB02BC7E1B105763008F3F64 /* Release */ = {
			isa = XCBuildConfiguration;
			buildSettings = {
				ASSETCATALOG_COMPILER_APPICON_NAME = AppIcon;
				CODE_SIGN_IDENTITY = "iPhone Developer";
				"CODE_SIGN_IDENTITY[sdk=iphoneos*]" = "iPhone Developer";
				ENABLE_BITCODE = YES;
				INFOPLIST_FILE = Temperament/Info.plist;
				LD_RUNPATH_SEARCH_PATHS = "$(inherited) @executable_path/Frameworks";
				PRODUCT_BUNDLE_IDENTIFIER = "JCA03205.$(PRODUCT_NAME:rfc1034identifier)";
				PRODUCT_NAME = "$(TARGET_NAME)";
				PROVISIONING_PROFILE = "";
				SWIFT_OBJC_BRIDGING_HEADER = "Temperament/Temperament-Bridging-Header.h";
				SWIFT_OPTIMIZATION_LEVEL = "-Onone";
				SWIFT_VERSION = 5.0;
				TARGETED_DEVICE_FAMILY = 1;
			};
			name = Release;
		};
		FB02BC801B105763008F3F64 /* Debug */ = {
			isa = XCBuildConfiguration;
			buildSettings = {
				BUNDLE_LOADER = "$(TEST_HOST)";
				FRAMEWORK_SEARCH_PATHS = (
					"$(SDKROOT)/Developer/Library/Frameworks",
					"$(inherited)",
				);
				GCC_PREPROCESSOR_DEFINITIONS = (
					"DEBUG=1",
					"$(inherited)",
				);
				INFOPLIST_FILE = TemperamentTests/Info.plist;
				LD_RUNPATH_SEARCH_PATHS = "$(inherited) @executable_path/Frameworks @loader_path/Frameworks";
				PRODUCT_BUNDLE_IDENTIFIER = "JCA03205.$(PRODUCT_NAME:rfc1034identifier)";
				PRODUCT_NAME = "$(TARGET_NAME)";
				SWIFT_VERSION = 5.0;
				TEST_HOST = "$(BUILT_PRODUCTS_DIR)/Temperament.app/Temperament";
			};
			name = Debug;
		};
		FB02BC811B105763008F3F64 /* Release */ = {
			isa = XCBuildConfiguration;
			buildSettings = {
				BUNDLE_LOADER = "$(TEST_HOST)";
				FRAMEWORK_SEARCH_PATHS = (
					"$(SDKROOT)/Developer/Library/Frameworks",
					"$(inherited)",
				);
				INFOPLIST_FILE = TemperamentTests/Info.plist;
				LD_RUNPATH_SEARCH_PATHS = "$(inherited) @executable_path/Frameworks @loader_path/Frameworks";
				PRODUCT_BUNDLE_IDENTIFIER = "JCA03205.$(PRODUCT_NAME:rfc1034identifier)";
				PRODUCT_NAME = "$(TARGET_NAME)";
				SWIFT_VERSION = 5.0;
				TEST_HOST = "$(BUILT_PRODUCTS_DIR)/Temperament.app/Temperament";
			};
			name = Release;
		};
/* End XCBuildConfiguration section */

/* Begin XCConfigurationList section */
		FB02BC581B105763008F3F64 /* Build configuration list for PBXProject "Temperament" */ = {
			isa = XCConfigurationList;
			buildConfigurations = (
				FB02BC7A1B105763008F3F64 /* Debug */,
				FB02BC7B1B105763008F3F64 /* Release */,
			);
			defaultConfigurationIsVisible = 0;
			defaultConfigurationName = Release;
		};
		FB02BC7C1B105763008F3F64 /* Build configuration list for PBXNativeTarget "Temperament" */ = {
			isa = XCConfigurationList;
			buildConfigurations = (
				FB02BC7D1B105763008F3F64 /* Debug */,
				FB02BC7E1B105763008F3F64 /* Release */,
			);
			defaultConfigurationIsVisible = 0;
			defaultConfigurationName = Release;
		};
		FB02BC7F1B105763008F3F64 /* Build configuration list for PBXNativeTarget "TemperamentTests" */ = {
			isa = XCConfigurationList;
			buildConfigurations = (
				FB02BC801B105763008F3F64 /* Debug */,
				FB02BC811B105763008F3F64 /* Release */,
			);
			defaultConfigurationIsVisible = 0;
			defaultConfigurationName = Release;
		};
/* End XCConfigurationList section */
	};
	rootObject = FB02BC551B105763008F3F64 /* Project object */;
}
